
Microsoft Visual Studio Solution File, Format Version 12.00
# Visual Studio Version 17
VisualStudioVersion = 17.12.35707.178 d17.12
MinimumVisualStudioVersion = 10.0.40219.1
Project("{FAE04EC0-301F-11D3-BF4B-00C04F79EFBC}") = "AngularApp1.Server", "AngularApp1.Server\AngularApp1.Server.csproj", "{5431C271-1EBB-4376-A924-62A24D310D5A}"
EndProject
Project("{54A90642-561A-4BB1-A94E-469ADEE60C69}") = "angularapp1.client", "angularapp1.client\angularapp1.client.esproj", "{87528D9A-B705-4BF1-8392-2F9D5B3E025E}"
EndProject
Global
	GlobalSection(SolutionConfigurationPlatforms) = preSolution
		Debug|Any CPU = Debug|Any CPU
		Release|Any CPU = Release|Any CPU
	EndGlobalSection
	GlobalSection(ProjectConfigurationPlatforms) = postSolution
		{5431C271-1EBB-4376-A924-62A24D310D5A}.Debug|Any CPU.ActiveCfg = Debug|Any CPU
		{5431C271-1EBB-4376-A924-62A24D310D5A}.Debug|Any CPU.Build.0 = Debug|Any CPU
		{5431C271-1EBB-4376-A924-62A24D310D5A}.Release|Any CPU.ActiveCfg = Release|Any CPU
		{5431C271-1EBB-4376-A924-62A24D310D5A}.Release|Any CPU.Build.0 = Release|Any CPU
		{87528D9A-B705-4BF1-8392-2F9D5B3E025E}.Debug|Any CPU.ActiveCfg = Debug|Any CPU
		{87528D9A-B705-4BF1-8392-2F9D5B3E025E}.Debug|Any CPU.Build.0 = Debug|Any CPU
		{87528D9A-B705-4BF1-8392-2F9D5B3E025E}.Debug|Any CPU.Deploy.0 = Debug|Any CPU
		{87528D9A-B705-4BF1-8392-2F9D5B3E025E}.Release|Any CPU.ActiveCfg = Release|Any CPU
		{87528D9A-B705-4BF1-8392-2F9D5B3E025E}.Release|Any CPU.Build.0 = Release|Any CPU
		{87528D9A-B705-4BF1-8392-2F9D5B3E025E}.Release|Any CPU.Deploy.0 = Release|Any CPU
	EndGlobalSection
	GlobalSection(SolutionProperties) = preSolution
		HideSolutionNode = FALSE
	EndGlobalSection
EndGlobal
